
Microsoft Visual Studio Solution File, Format Version 12.00
# Visual Studio Version 16
VisualStudioVersion = 16.0.29613.14
MinimumVisualStudioVersion = 10.0.40219.1
Project("{00D1A9C2-B5F0-4AF3-8072-F6C62B433612}") = "NoticeApp.SqlServer", "NoticeApp.SqlServer\NoticeApp.SqlServer.sqlproj", "{C311234F-9F1A-4003-9AF4-EDC94F7F8D6D}"
EndProject
Project("{2150E333-8FDC-42A3-9474-1A3956D46DE8}") = "Notes", "Notes", "{A4FBDC1B-E1B0-44E8-87CE-08F94CBA232E}"
	ProjectSection(SolutionItems) = preProject
		NoticeApp.txt = NoticeApp.txt
	EndProjectSection
EndProject
Global
	GlobalSection(SolutionConfigurationPlatforms) = preSolution
		Debug|Any CPU = Debug|Any CPU
		Release|Any CPU = Release|Any CPU
	EndGlobalSection
	GlobalSection(ProjectConfigurationPlatforms) = postSolution
		{C311234F-9F1A-4003-9AF4-EDC94F7F8D6D}.Debug|Any CPU.ActiveCfg = Debug|Any CPU
		{C311234F-9F1A-4003-9AF4-EDC94F7F8D6D}.Debug|Any CPU.Build.0 = Debug|Any CPU
		{C311234F-9F1A-4003-9AF4-EDC94F7F8D6D}.Debug|Any CPU.Deploy.0 = Debug|Any CPU
		{C311234F-9F1A-4003-9AF4-EDC94F7F8D6D}.Release|Any CPU.ActiveCfg = Release|Any CPU
		{C311234F-9F1A-4003-9AF4-EDC94F7F8D6D}.Release|Any CPU.Build.0 = Release|Any CPU
		{C311234F-9F1A-4003-9AF4-EDC94F7F8D6D}.Release|Any CPU.Deploy.0 = Release|Any CPU
	EndGlobalSection
	GlobalSection(SolutionProperties) = preSolution
		HideSolutionNode = FALSE
	EndGlobalSection
	GlobalSection(ExtensibilityGlobals) = postSolution
		SolutionGuid = {E0C4E0B7-258D-4CEF-8408-9FDC6A0F329E}
	EndGlobalSection
EndGlobal
